// !$*UTF8*$!
{
	archiveVersion = 1;
	classes = {
	};
	objectVersion = 55;
	objects = {

/* Begin PBXBuildFile section */
		2066B61828705DC900B6A1E3 /* AppDelegate.swift in Sources */ = {isa = PBXBuildFile; fileRef = 2066B61728705DC900B6A1E3 /* AppDelegate.swift */; };
		2066B61A28705DC900B6A1E3 /* SceneDelegate.swift in Sources */ = {isa = PBXBuildFile; fileRef = 2066B61928705DC900B6A1E3 /* SceneDelegate.swift */; };
		2066B61C28705DC900B6A1E3 /* ViewController.swift in Sources */ = {isa = PBXBuildFile; fileRef = 2066B61B28705DC900B6A1E3 /* ViewController.swift */; };
		2066B61F28705DC900B6A1E3 /* Main.storyboard in Resources */ = {isa = PBXBuildFile; fileRef = 2066B61D28705DC900B6A1E3 /* Main.storyboard */; };
		2066B62128705DCA00B6A1E3 /* Assets.xcassets in Resources */ = {isa = PBXBuildFile; fileRef = 2066B62028705DCA00B6A1E3 /* Assets.xcassets */; };
		2066B62428705DCA00B6A1E3 /* LaunchScreen.storyboard in Resources */ = {isa = PBXBuildFile; fileRef = 2066B62228705DCA00B6A1E3 /* LaunchScreen.storyboard */; };
		2066B62F28705DCA00B6A1E3 /* innerpeaceTests.swift in Sources */ = {isa = PBXBuildFile; fileRef = 2066B62E28705DCA00B6A1E3 /* innerpeaceTests.swift */; };
		2066B63928705DCA00B6A1E3 /* innerpeaceUITests.swift in Sources */ = {isa = PBXBuildFile; fileRef = 2066B63828705DCA00B6A1E3 /* innerpeaceUITests.swift */; };
		2066B63B28705DCA00B6A1E3 /* innerpeaceUITestsLaunchTests.swift in Sources */ = {isa = PBXBuildFile; fileRef = 2066B63A28705DCA00B6A1E3 /* innerpeaceUITestsLaunchTests.swift */; };
		2066B64A2870686F00B6A1E3 /* quotes.json in Resources */ = {isa = PBXBuildFile; fileRef = 2066B6482870686F00B6A1E3 /* quotes.json */; };
		2066B64B2870686F00B6A1E3 /* pictures.json in Resources */ = {isa = PBXBuildFile; fileRef = 2066B6492870686F00B6A1E3 /* pictures.json */; };
		2066B64D287071CE00B6A1E3 /* Bundle-Decoding.swift in Sources */ = {isa = PBXBuildFile; fileRef = 2066B64C287071CE00B6A1E3 /* Bundle-Decoding.swift */; };
/* End PBXBuildFile section */

/* Begin PBXContainerItemProxy section */
		2066B62B28705DCA00B6A1E3 /* PBXContainerItemProxy */ = {
			isa = PBXContainerItemProxy;
			containerPortal = 2066B60C28705DC900B6A1E3 /* Project object */;
			proxyType = 1;
			remoteGlobalIDString = 2066B61328705DC900B6A1E3;
			remoteInfo = innerpeace;
		};
		2066B63528705DCA00B6A1E3 /* PBXContainerItemProxy */ = {
			isa = PBXContainerItemProxy;
			containerPortal = 2066B60C28705DC900B6A1E3 /* Project object */;
			proxyType = 1;
			remoteGlobalIDString = 2066B61328705DC900B6A1E3;
			remoteInfo = innerpeace;
		};
/* End PBXContainerItemProxy section */

/* Begin PBXFileReference section */
		2066B61428705DC900B6A1E3 /* innerpeace.app */ = {isa = PBXFileReference; explicitFileType = wrapper.application; includeInIndex = 0; path = innerpeace.app; sourceTree = BUILT_PRODUCTS_DIR; };
		2066B61728705DC900B6A1E3 /* AppDelegate.swift */ = {isa = PBXFileReference; lastKnownFileType = sourcecode.swift; path = AppDelegate.swift; sourceTree = "<group>"; };
		2066B61928705DC900B6A1E3 /* SceneDelegate.swift */ = {isa = PBXFileReference; lastKnownFileType = sourcecode.swift; path = SceneDelegate.swift; sourceTree = "<group>"; };
		2066B61B28705DC900B6A1E3 /* ViewController.swift */ = {isa = PBXFileReference; lastKnownFileType = sourcecode.swift; path = ViewController.swift; sourceTree = "<group>"; };
		2066B61E28705DC900B6A1E3 /* Base */ = {isa = PBXFileReference; lastKnownFileType = file.storyboard; name = Base; path = Base.lproj/Main.storyboard; sourceTree = "<group>"; };
		2066B62028705DCA00B6A1E3 /* Assets.xcassets */ = {isa = PBXFileReference; lastKnownFileType = folder.assetcatalog; path = Assets.xcassets; sourceTree = "<group>"; };
		2066B62328705DCA00B6A1E3 /* Base */ = {isa = PBXFileReference; lastKnownFileType = file.storyboard; name = Base; path = Base.lproj/LaunchScreen.storyboard; sourceTree = "<group>"; };
		2066B62528705DCA00B6A1E3 /* Info.plist */ = {isa = PBXFileReference; lastKnownFileType = text.plist.xml; path = Info.plist; sourceTree = "<group>"; };
		2066B62A28705DCA00B6A1E3 /* innerpeaceTests.xctest */ = {isa = PBXFileReference; explicitFileType = wrapper.cfbundle; includeInIndex = 0; path = innerpeaceTests.xctest; sourceTree = BUILT_PRODUCTS_DIR; };
		2066B62E28705DCA00B6A1E3 /* innerpeaceTests.swift */ = {isa = PBXFileReference; lastKnownFileType = sourcecode.swift; path = innerpeaceTests.swift; sourceTree = "<group>"; };
		2066B63428705DCA00B6A1E3 /* innerpeaceUITests.xctest */ = {isa = PBXFileReference; explicitFileType = wrapper.cfbundle; includeInIndex = 0; path = innerpeaceUITests.xctest; sourceTree = BUILT_PRODUCTS_DIR; };
		2066B63828705DCA00B6A1E3 /* innerpeaceUITests.swift */ = {isa = PBXFileReference; lastKnownFileType = sourcecode.swift; path = innerpeaceUITests.swift; sourceTree = "<group>"; };
		2066B63A28705DCA00B6A1E3 /* innerpeaceUITestsLaunchTests.swift */ = {isa = PBXFileReference; lastKnownFileType = sourcecode.swift; path = innerpeaceUITestsLaunchTests.swift; sourceTree = "<group>"; };
		2066B6482870686F00B6A1E3 /* quotes.json */ = {isa = PBXFileReference; fileEncoding = 4; lastKnownFileType = text.json; path = quotes.json; sourceTree = "<group>"; };
		2066B6492870686F00B6A1E3 /* pictures.json */ = {isa = PBXFileReference; fileEncoding = 4; lastKnownFileType = text.json; path = pictures.json; sourceTree = "<group>"; };
		2066B64C287071CE00B6A1E3 /* Bundle-Decoding.swift */ = {isa = PBXFileReference; lastKnownFileType = sourcecode.swift; path = "Bundle-Decoding.swift"; sourceTree = "<group>"; };
/* End PBXFileReference section */

/* Begin PBXFrameworksBuildPhase section */
		2066B61128705DC900B6A1E3 /* Frameworks */ = {
			isa = PBXFrameworksBuildPhase;
			buildActionMask = 2147483647;
			files = (
			);
			runOnlyForDeploymentPostprocessing = 0;
		};
		2066B62728705DCA00B6A1E3 /* Frameworks */ = {
			isa = PBXFrameworksBuildPhase;
			buildActionMask = 2147483647;
			files = (
			);
			runOnlyForDeploymentPostprocessing = 0;
		};
		2066B63128705DCA00B6A1E3 /* Frameworks */ = {
			isa = PBXFrameworksBuildPhase;
			buildActionMask = 2147483647;
			files = (
			);
			runOnlyForDeploymentPostprocessing = 0;
		};
/* End PBXFrameworksBuildPhase section */

/* Begin PBXGroup section */
		2066B60B28705DC900B6A1E3 = {
			isa = PBXGroup;
			children = (
				2066B61628705DC900B6A1E3 /* innerpeace */,
				2066B62D28705DCA00B6A1E3 /* innerpeaceTests */,
				2066B63728705DCA00B6A1E3 /* innerpeaceUITests */,
				2066B61528705DC900B6A1E3 /* Products */,
			);
			sourceTree = "<group>";
		};
		2066B61528705DC900B6A1E3 /* Products */ = {
			isa = PBXGroup;
			children = (
				2066B61428705DC900B6A1E3 /* innerpeace.app */,
				2066B62A28705DCA00B6A1E3 /* innerpeaceTests.xctest */,
				2066B63428705DCA00B6A1E3 /* innerpeaceUITests.xctest */,
			);
			name = Products;
			sourceTree = "<group>";
		};
		2066B61628705DC900B6A1E3 /* innerpeace */ = {
			isa = PBXGroup;
			children = (
				2066B61728705DC900B6A1E3 /* AppDelegate.swift */,
				2066B61928705DC900B6A1E3 /* SceneDelegate.swift */,
				2066B61B28705DC900B6A1E3 /* ViewController.swift */,
				2066B61D28705DC900B6A1E3 /* Main.storyboard */,
				2066B62028705DCA00B6A1E3 /* Assets.xcassets */,
				2066B62228705DCA00B6A1E3 /* LaunchScreen.storyboard */,
				2066B6492870686F00B6A1E3 /* pictures.json */,
				2066B6482870686F00B6A1E3 /* quotes.json */,
				2066B62528705DCA00B6A1E3 /* Info.plist */,
				2066B64C287071CE00B6A1E3 /* Bundle-Decoding.swift */,
			);
			path = innerpeace;
			sourceTree = "<group>";
		};
		2066B62D28705DCA00B6A1E3 /* innerpeaceTests */ = {
			isa = PBXGroup;
			children = (
				2066B62E28705DCA00B6A1E3 /* innerpeaceTests.swift */,
			);
			path = innerpeaceTests;
			sourceTree = "<group>";
		};
		2066B63728705DCA00B6A1E3 /* innerpeaceUITests */ = {
			isa = PBXGroup;
			children = (
				2066B63828705DCA00B6A1E3 /* innerpeaceUITests.swift */,
				2066B63A28705DCA00B6A1E3 /* innerpeaceUITestsLaunchTests.swift */,
			);
			path = innerpeaceUITests;
			sourceTree = "<group>";
		};
/* End PBXGroup section */

/* Begin PBXNativeTarget section */
		2066B61328705DC900B6A1E3 /* innerpeace */ = {
			isa = PBXNativeTarget;
			buildConfigurationList = 2066B63E28705DCA00B6A1E3 /* Build configuration list for PBXNativeTarget "innerpeace" */;
			buildPhases = (
				2066B61028705DC900B6A1E3 /* Sources */,
				2066B61128705DC900B6A1E3 /* Frameworks */,
				2066B61228705DC900B6A1E3 /* Resources */,
			);
			buildRules = (
			);
			dependencies = (
			);
			name = innerpeace;
			productName = innerpeace;
			productReference = 2066B61428705DC900B6A1E3 /* innerpeace.app */;
			productType = "com.apple.product-type.application";
		};
		2066B62928705DCA00B6A1E3 /* innerpeaceTests */ = {
			isa = PBXNativeTarget;
			buildConfigurationList = 2066B64128705DCA00B6A1E3 /* Build configuration list for PBXNativeTarget "innerpeaceTests" */;
			buildPhases = (
				2066B62628705DCA00B6A1E3 /* Sources */,
				2066B62728705DCA00B6A1E3 /* Frameworks */,
				2066B62828705DCA00B6A1E3 /* Resources */,
			);
			buildRules = (
			);
			dependencies = (
				2066B62C28705DCA00B6A1E3 /* PBXTargetDependency */,
			);
			name = innerpeaceTests;
			productName = innerpeaceTests;
			productReference = 2066B62A28705DCA00B6A1E3 /* innerpeaceTests.xctest */;
			productType = "com.apple.product-type.bundle.unit-test";
		};
		2066B63328705DCA00B6A1E3 /* innerpeaceUITests */ = {
			isa = PBXNativeTarget;
			buildConfigurationList = 2066B64428705DCA00B6A1E3 /* Build configuration list for PBXNativeTarget "innerpeaceUITests" */;
			buildPhases = (
				2066B63028705DCA00B6A1E3 /* Sources */,
				2066B63128705DCA00B6A1E3 /* Frameworks */,
				2066B63228705DCA00B6A1E3 /* Resources */,
			);
			buildRules = (
			);
			dependencies = (
				2066B63628705DCA00B6A1E3 /* PBXTargetDependency */,
			);
			name = innerpeaceUITests;
			productName = innerpeaceUITests;
			productReference = 2066B63428705DCA00B6A1E3 /* innerpeaceUITests.xctest */;
			productType = "com.apple.product-type.bundle.ui-testing";
		};
/* End PBXNativeTarget section */

/* Begin PBXProject section */
		2066B60C28705DC900B6A1E3 /* Project object */ = {
			isa = PBXProject;
			attributes = {
				BuildIndependentTargetsInParallel = 1;
				LastSwiftUpdateCheck = 1340;
				LastUpgradeCheck = 1340;
				TargetAttributes = {
					2066B61328705DC900B6A1E3 = {
						CreatedOnToolsVersion = 13.4.1;
					};
					2066B62928705DCA00B6A1E3 = {
						CreatedOnToolsVersion = 13.4.1;
						TestTargetID = 2066B61328705DC900B6A1E3;
					};
					2066B63328705DCA00B6A1E3 = {
						CreatedOnToolsVersion = 13.4.1;
						TestTargetID = 2066B61328705DC900B6A1E3;
					};
				};
			};
			buildConfigurationList = 2066B60F28705DC900B6A1E3 /* Build configuration list for PBXProject "innerpeace" */;
			compatibilityVersion = "Xcode 13.0";
			developmentRegion = en;
			hasScannedForEncodings = 0;
			knownRegions = (
				en,
				Base,
			);
			mainGroup = 2066B60B28705DC900B6A1E3;
			productRefGroup = 2066B61528705DC900B6A1E3 /* Products */;
			projectDirPath = "";
			projectRoot = "";
			targets = (
				2066B61328705DC900B6A1E3 /* innerpeace */,
				2066B62928705DCA00B6A1E3 /* innerpeaceTests */,
				2066B63328705DCA00B6A1E3 /* innerpeaceUITests */,
			);
		};
/* End PBXProject section */

/* Begin PBXResourcesBuildPhase section */
		2066B61228705DC900B6A1E3 /* Resources */ = {
			isa = PBXResourcesBuildPhase;
			buildActionMask = 2147483647;
			files = (
				2066B64A2870686F00B6A1E3 /* quotes.json in Resources */,
				2066B62428705DCA00B6A1E3 /* LaunchScreen.storyboard in Resources */,
				2066B62128705DCA00B6A1E3 /* Assets.xcassets in Resources */,
				2066B61F28705DC900B6A1E3 /* Main.storyboard in Resources */,
				2066B64B2870686F00B6A1E3 /* pictures.json in Resources */,
			);
			runOnlyForDeploymentPostprocessing = 0;
		};
		2066B62828705DCA00B6A1E3 /* Resources */ = {
			isa = PBXResourcesBuildPhase;
			buildActionMask = 2147483647;
			files = (
			);
			runOnlyForDeploymentPostprocessing = 0;
		};
		2066B63228705DCA00B6A1E3 /* Resources */ = {
			isa = PBXResourcesBuildPhase;
			buildActionMask = 2147483647;
			files = (
			);
			runOnlyForDeploymentPostprocessing = 0;
		};
/* End PBXResourcesBuildPhase section */

/* Begin PBXSourcesBuildPhase section */
		2066B61028705DC900B6A1E3 /* Sources */ = {
			isa = PBXSourcesBuildPhase;
			buildActionMask = 2147483647;
			files = (
				2066B64D287071CE00B6A1E3 /* Bundle-Decoding.swift in Sources */,
				2066B61C28705DC900B6A1E3 /* ViewController.swift in Sources */,
				2066B61828705DC900B6A1E3 /* AppDelegate.swift in Sources */,
				2066B61A28705DC900B6A1E3 /* SceneDelegate.swift in Sources */,
			);
			runOnlyForDeploymentPostprocessing = 0;
		};
		2066B62628705DCA00B6A1E3 /* Sources */ = {
			isa = PBXSourcesBuildPhase;
			buildActionMask = 2147483647;
			files = (
				2066B62F28705DCA00B6A1E3 /* innerpeaceTests.swift in Sources */,
			);
			runOnlyForDeploymentPostprocessing = 0;
		};
		2066B63028705DCA00B6A1E3 /* Sources */ = {
			isa = PBXSourcesBuildPhase;
			buildActionMask = 2147483647;
			files = (
				2066B63B28705DCA00B6A1E3 /* innerpeaceUITestsLaunchTests.swift in Sources */,
				2066B63928705DCA00B6A1E3 /* innerpeaceUITests.swift in Sources */,
			);
			runOnlyForDeploymentPostprocessing = 0;
		};
/* End PBXSourcesBuildPhase section */

/* Begin PBXTargetDependency section */
		2066B62C28705DCA00B6A1E3 /* PBXTargetDependency */ = {
			isa = PBXTargetDependency;
			target = 2066B61328705DC900B6A1E3 /* innerpeace */;
			targetProxy = 2066B62B28705DCA00B6A1E3 /* PBXContainerItemProxy */;
		};
		2066B63628705DCA00B6A1E3 /* PBXTargetDependency */ = {
			isa = PBXTargetDependency;
			target = 2066B61328705DC900B6A1E3 /* innerpeace */;
			targetProxy = 2066B63528705DCA00B6A1E3 /* PBXContainerItemProxy */;
		};
/* End PBXTargetDependency section */

/* Begin PBXVariantGroup section */
		2066B61D28705DC900B6A1E3 /* Main.storyboard */ = {
			isa = PBXVariantGroup;
			children = (
				2066B61E28705DC900B6A1E3 /* Base */,
			);
			name = Main.storyboard;
			sourceTree = "<group>";
		};
		2066B62228705DCA00B6A1E3 /* LaunchScreen.storyboard */ = {
			isa = PBXVariantGroup;
			children = (
				2066B62328705DCA00B6A1E3 /* Base */,
			);
			name = LaunchScreen.storyboard;
			sourceTree = "<group>";
		};
/* End PBXVariantGroup section */

/* Begin XCBuildConfiguration section */
		2066B63C28705DCA00B6A1E3 /* Debug */ = {
			isa = XCBuildConfiguration;
			buildSettings = {
				ALWAYS_SEARCH_USER_PATHS = NO;
				CLANG_ANALYZER_NONNULL = YES;
				CLANG_ANALYZER_NUMBER_OBJECT_CONVERSION = YES_AGGRESSIVE;
				CLANG_CXX_LANGUAGE_STANDARD = "gnu++17";
				CLANG_ENABLE_MODULES = YES;
				CLANG_ENABLE_OBJC_ARC = YES;
				CLANG_ENABLE_OBJC_WEAK = YES;
				CLANG_WARN_BLOCK_CAPTURE_AUTORELEASING = YES;
				CLANG_WARN_BOOL_CONVERSION = YES;
				CLANG_WARN_COMMA = YES;
				CLANG_WARN_CONSTANT_CONVERSION = YES;
				CLANG_WARN_DEPRECATED_OBJC_IMPLEMENTATIONS = YES;
				CLANG_WARN_DIRECT_OBJC_ISA_USAGE = YES_ERROR;
				CLANG_WARN_DOCUMENTATION_COMMENTS = YES;
				CLANG_WARN_EMPTY_BODY = YES;
				CLANG_WARN_ENUM_CONVERSION = YES;
				CLANG_WARN_INFINITE_RECURSION = YES;
				CLANG_WARN_INT_CONVERSION = YES;
				CLANG_WARN_NON_LITERAL_NULL_CONVERSION = YES;
				CLANG_WARN_OBJC_IMPLICIT_RETAIN_SELF = YES;
				CLANG_WARN_OBJC_LITERAL_CONVERSION = YES;
				CLANG_WARN_OBJC_ROOT_CLASS = YES_ERROR;
				CLANG_WARN_QUOTED_INCLUDE_IN_FRAMEWORK_HEADER = YES;
				CLANG_WARN_RANGE_LOOP_ANALYSIS = YES;
				CLANG_WARN_STRICT_PROTOTYPES = YES;
				CLANG_WARN_SUSPICIOUS_MOVE = YES;
				CLANG_WARN_UNGUARDED_AVAILABILITY = YES_AGGRESSIVE;
				CLANG_WARN_UNREACHABLE_CODE = YES;
				CLANG_WARN__DUPLICATE_METHOD_MATCH = YES;
				COPY_PHASE_STRIP = NO;
				DEBUG_INFORMATION_FORMAT = dwarf;
				ENABLE_STRICT_OBJC_MSGSEND = YES;
				ENABLE_TESTABILITY = YES;
				GCC_C_LANGUAGE_STANDARD = gnu11;
				GCC_DYNAMIC_NO_PIC = NO;
				GCC_NO_COMMON_BLOCKS = YES;
				GCC_OPTIMIZATION_LEVEL = 0;
				GCC_PREPROCESSOR_DEFINITIONS = (
					"DEBUG=1",
					"$(inherited)",
				);
				GCC_WARN_64_TO_32_BIT_CONVERSION = YES;
				GCC_WARN_ABOUT_RETURN_TYPE = YES_ERROR;
				GCC_WARN_UNDECLARED_SELECTOR = YES;
				GCC_WARN_UNINITIALIZED_AUTOS = YES_AGGRESSIVE;
				GCC_WARN_UNUSED_FUNCTION = YES;
				GCC_WARN_UNUSED_VARIABLE = YES;
				IPHONEOS_DEPLOYMENT_TARGET = 15.5;
				MTL_ENABLE_DEBUG_INFO = INCLUDE_SOURCE;
				MTL_FAST_MATH = YES;
				ONLY_ACTIVE_ARCH = YES;
				SDKROOT = iphoneos;
				SWIFT_ACTIVE_COMPILATION_CONDITIONS = DEBUG;
				SWIFT_OPTIMIZATION_LEVEL = "-Onone";
			};
			name = Debug;
		};
		2066B63D28705DCA00B6A1E3 /* Release */ = {
			isa = XCBuildConfiguration;
			buildSettings = {
				ALWAYS_SEARCH_USER_PATHS = NO;
				CLANG_ANALYZER_NONNULL = YES;
				CLANG_ANALYZER_NUMBER_OBJECT_CONVERSION = YES_AGGRESSIVE;
				CLANG_CXX_LANGUAGE_STANDARD = "gnu++17";
				CLANG_ENABLE_MODULES = YES;
				CLANG_ENABLE_OBJC_ARC = YES;
				CLANG_ENABLE_OBJC_WEAK = YES;
				CLANG_WARN_BLOCK_CAPTURE_AUTORELEASING = YES;
				CLANG_WARN_BOOL_CONVERSION = YES;
				CLANG_WARN_COMMA = YES;
				CLANG_WARN_CONSTANT_CONVERSION = YES;
				CLANG_WARN_DEPRECATED_OBJC_IMPLEMENTATIONS = YES;
				CLANG_WARN_DIRECT_OBJC_ISA_USAGE = YES_ERROR;
				CLANG_WARN_DOCUMENTATION_COMMENTS = YES;
				CLANG_WARN_EMPTY_BODY = YES;
				CLANG_WARN_ENUM_CONVERSION = YES;
				CLANG_WARN_INFINITE_RECURSION = YES;
				CLANG_WARN_INT_CONVERSION = YES;
				CLANG_WARN_NON_LITERAL_NULL_CONVERSION = YES;
				CLANG_WARN_OBJC_IMPLICIT_RETAIN_SELF = YES;
				CLANG_WARN_OBJC_LITERAL_CONVERSION = YES;
				CLANG_WARN_OBJC_ROOT_CLASS = YES_ERROR;
				CLANG_WARN_QUOTED_INCLUDE_IN_FRAMEWORK_HEADER = YES;
				CLANG_WARN_RANGE_LOOP_ANALYSIS = YES;
				CLANG_WARN_STRICT_PROTOTYPES = YES;
				CLANG_WARN_SUSPICIOUS_MOVE = YES;
				CLANG_WARN_UNGUARDED_AVAILABILITY = YES_AGGRESSIVE;
				CLANG_WARN_UNREACHABLE_CODE = YES;
				CLANG_WARN__DUPLICATE_METHOD_MATCH = YES;
				COPY_PHASE_STRIP = NO;
				DEBUG_INFORMATION_FORMAT = "dwarf-with-dsym";
				ENABLE_NS_ASSERTIONS = NO;
				ENABLE_STRICT_OBJC_MSGSEND = YES;
				GCC_C_LANGUAGE_STANDARD = gnu11;
				GCC_NO_COMMON_BLOCKS = YES;
				GCC_WARN_64_TO_32_BIT_CONVERSION = YES;
				GCC_WARN_ABOUT_RETURN_TYPE = YES_ERROR;
				GCC_WARN_UNDECLARED_SELECTOR = YES;
				GCC_WARN_UNINITIALIZED_AUTOS = YES_AGGRESSIVE;
				GCC_WARN_UNUSED_FUNCTION = YES;
				GCC_WARN_UNUSED_VARIABLE = YES;
				IPHONEOS_DEPLOYMENT_TARGET = 15.5;
				MTL_ENABLE_DEBUG_INFO = NO;
				MTL_FAST_MATH = YES;
				SDKROOT = iphoneos;
				SWIFT_COMPILATION_MODE = wholemodule;
				SWIFT_OPTIMIZATION_LEVEL = "-O";
				VALIDATE_PRODUCT = YES;
			};
			name = Release;
		};
		2066B63F28705DCA00B6A1E3 /* Debug */ = {
			isa = XCBuildConfiguration;
			buildSettings = {
				ASSETCATALOG_COMPILER_APPICON_NAME = AppIcon;
				ASSETCATALOG_COMPILER_GLOBAL_ACCENT_COLOR_NAME = AccentColor;
				CODE_SIGN_STYLE = Automatic;
				CURRENT_PROJECT_VERSION = 1;
				DEVELOPMENT_TEAM = 2YGW784VFW;
				GENERATE_INFOPLIST_FILE = YES;
				INFOPLIST_FILE = innerpeace/Info.plist;
				INFOPLIST_KEY_UIApplicationSupportsIndirectInputEvents = YES;
				INFOPLIST_KEY_UILaunchStoryboardName = LaunchScreen;
				INFOPLIST_KEY_UIMainStoryboardFile = Main;
				INFOPLIST_KEY_UISupportedInterfaceOrientations_iPad = "UIInterfaceOrientationPortrait UIInterfaceOrientationPortraitUpsideDown UIInterfaceOrientationLandscapeLeft UIInterfaceOrientationLandscapeRight";
				INFOPLIST_KEY_UISupportedInterfaceOrientations_iPhone = "UIInterfaceOrientationPortrait UIInterfaceOrientationLandscapeLeft UIInterfaceOrientationLandscapeRight";
				LD_RUNPATH_SEARCH_PATHS = (
					"$(inherited)",
					"@executable_path/Frameworks",
				);
				MARKETING_VERSION = 1.0;
				PRODUCT_BUNDLE_IDENTIFIER = com.shubhamay.innerpeace;
				PRODUCT_NAME = "$(TARGET_NAME)";
				SWIFT_EMIT_LOC_STRINGS = YES;
				SWIFT_VERSION = 5.0;
				TARGETED_DEVICE_FAMILY = 2;
			};
			name = Debug;
		};
		2066B64028705DCA00B6A1E3 /* Release */ = {
			isa = XCBuildConfiguration;
			buildSettings = {
				ASSETCATALOG_COMPILER_APPICON_NAME = AppIcon;
				ASSETCATALOG_COMPILER_GLOBAL_ACCENT_COLOR_NAME = AccentColor;
				CODE_SIGN_STYLE = Automatic;
				CURRENT_PROJECT_VERSION = 1;
				DEVELOPMENT_TEAM = 2YGW784VFW;
				GENERATE_INFOPLIST_FILE = YES;
				INFOPLIST_FILE = innerpeace/Info.plist;
				INFOPLIST_KEY_UIApplicationSupportsIndirectInputEvents = YES;
				INFOPLIST_KEY_UILaunchStoryboardName = LaunchScreen;
				INFOPLIST_KEY_UIMainStoryboardFile = Main;
				INFOPLIST_KEY_UISupportedInterfaceOrientations_iPad = "UIInterfaceOrientationPortrait UIInterfaceOrientationPortraitUpsideDown UIInterfaceOrientationLandscapeLeft UIInterfaceOrientationLandscapeRight";
				INFOPLIST_KEY_UISupportedInterfaceOrientations_iPhone = "UIInterfaceOrientationPortrait UIInterfaceOrientationLandscapeLeft UIInterfaceOrientationLandscapeRight";
				LD_RUNPATH_SEARCH_PATHS = (
					"$(inherited)",
					"@executable_path/Frameworks",
				);
				MARKETING_VERSION = 1.0;
				PRODUCT_BUNDLE_IDENTIFIER = com.shubhamay.innerpeace;
				PRODUCT_NAME = "$(TARGET_NAME)";
				SWIFT_EMIT_LOC_STRINGS = YES;
				SWIFT_VERSION = 5.0;
				TARGETED_DEVICE_FAMILY = 2;
			};
			name = Release;
		};
		2066B64228705DCA00B6A1E3 /* Debug */ = {
			isa = XCBuildConfiguration;
			buildSettings = {
				ALWAYS_EMBED_SWIFT_STANDARD_LIBRARIES = YES;
				BUNDLE_LOADER = "$(TEST_HOST)";
				CODE_SIGN_STYLE = Automatic;
				CURRENT_PROJECT_VERSION = 1;
				DEVELOPMENT_TEAM = 2YGW784VFW;
				GENERATE_INFOPLIST_FILE = YES;
				IPHONEOS_DEPLOYMENT_TARGET = 15.5;
				MARKETING_VERSION = 1.0;
				PRODUCT_BUNDLE_IDENTIFIER = com.shubhamay.innerpeaceTests;
				PRODUCT_NAME = "$(TARGET_NAME)";
				SWIFT_EMIT_LOC_STRINGS = NO;
				SWIFT_VERSION = 5.0;
				TARGETED_DEVICE_FAMILY = "1,2";
				TEST_HOST = "$(BUILT_PRODUCTS_DIR)/innerpeace.app/innerpeace";
			};
			name = Debug;
		};
		2066B64328705DCA00B6A1E3 /* Release */ = {
			isa = XCBuildConfiguration;
			buildSettings = {
				ALWAYS_EMBED_SWIFT_STANDARD_LIBRARIES = YES;
				BUNDLE_LOADER = "$(TEST_HOST)";
				CODE_SIGN_STYLE = Automatic;
				CURRENT_PROJECT_VERSION = 1;
				DEVELOPMENT_TEAM = 2YGW784VFW;
				GENERATE_INFOPLIST_FILE = YES;
				IPHONEOS_DEPLOYMENT_TARGET = 15.5;
				MARKETING_VERSION = 1.0;
				PRODUCT_BUNDLE_IDENTIFIER = com.shubhamay.innerpeaceTests;
				PRODUCT_NAME = "$(TARGET_NAME)";
				SWIFT_EMIT_LOC_STRINGS = NO;
				SWIFT_VERSION = 5.0;
				TARGETED_DEVICE_FAMILY = "1,2";
				TEST_HOST = "$(BUILT_PRODUCTS_DIR)/innerpeace.app/innerpeace";
			};
			name = Release;
		};
		2066B64528705DCA00B6A1E3 /* Debug */ = {
			isa = XCBuildConfiguration;
			buildSettings = {
				ALWAYS_EMBED_SWIFT_STANDARD_LIBRARIES = YES;
				CODE_SIGN_STYLE = Automatic;
				CURRENT_PROJECT_VERSION = 1;
				DEVELOPMENT_TEAM = 2YGW784VFW;
				GENERATE_INFOPLIST_FILE = YES;
				MARKETING_VERSION = 1.0;
				PRODUCT_BUNDLE_IDENTIFIER = com.shubhamay.innerpeaceUITests;
				PRODUCT_NAME = "$(TARGET_NAME)";
				SWIFT_EMIT_LOC_STRINGS = NO;
				SWIFT_VERSION = 5.0;
				TARGETED_DEVICE_FAMILY = "1,2";
				TEST_TARGET_NAME = innerpeace;
			};
			name = Debug;
		};
		2066B64628705DCA00B6A1E3 /* Release */ = {
			isa = XCBuildConfiguration;
			buildSettings = {
				ALWAYS_EMBED_SWIFT_STANDARD_LIBRARIES = YES;
				CODE_SIGN_STYLE = Automatic;
				CURRENT_PROJECT_VERSION = 1;
				DEVELOPMENT_TEAM = 2YGW784VFW;
				GENERATE_INFOPLIST_FILE = YES;
				MARKETING_VERSION = 1.0;
				PRODUCT_BUNDLE_IDENTIFIER = com.shubhamay.innerpeaceUITests;
				PRODUCT_NAME = "$(TARGET_NAME)";
				SWIFT_EMIT_LOC_STRINGS = NO;
				SWIFT_VERSION = 5.0;
				TARGETED_DEVICE_FAMILY = "1,2";
				TEST_TARGET_NAME = innerpeace;
			};
			name = Release;
		};
/* End XCBuildConfiguration section */

/* Begin XCConfigurationList section */
		2066B60F28705DC900B6A1E3 /* Build configuration list for PBXProject "innerpeace" */ = {
			isa = XCConfigurationList;
			buildConfigurations = (
				2066B63C28705DCA00B6A1E3 /* Debug */,
				2066B63D28705DCA00B6A1E3 /* Release */,
			);
			defaultConfigurationIsVisible = 0;
			defaultConfigurationName = Release;
		};
		2066B63E28705DCA00B6A1E3 /* Build configuration list for PBXNativeTarget "innerpeace" */ = {
			isa = XCConfigurationList;
			buildConfigurations = (
				2066B63F28705DCA00B6A1E3 /* Debug */,
				2066B64028705DCA00B6A1E3 /* Release */,
			);
			defaultConfigurationIsVisible = 0;
			defaultConfigurationName = Release;
		};
		2066B64128705DCA00B6A1E3 /* Build configuration list for PBXNativeTarget "innerpeaceTests" */ = {
			isa = XCConfigurationList;
			buildConfigurations = (
				2066B64228705DCA00B6A1E3 /* Debug */,
				2066B64328705DCA00B6A1E3 /* Release */,
			);
			defaultConfigurationIsVisible = 0;
			defaultConfigurationName = Release;
		};
		2066B64428705DCA00B6A1E3 /* Build configuration list for PBXNativeTarget "innerpeaceUITests" */ = {
			isa = XCConfigurationList;
			buildConfigurations = (
				2066B64528705DCA00B6A1E3 /* Debug */,
				2066B64628705DCA00B6A1E3 /* Release */,
			);
			defaultConfigurationIsVisible = 0;
			defaultConfigurationName = Release;
		};
/* End XCConfigurationList section */
	};
	rootObject = 2066B60C28705DC900B6A1E3 /* Project object */;
}
